// !$*UTF8*$!
{
	archiveVersion = 1;
	classes = {
	};
	objectVersion = 56;
	objects = {

/* Begin PBXBuildFile section */
		7C1824F22B591EE0000F52DE /* AppDelegate.swift in Sources */ = {isa = PBXBuildFile; fileRef = 7C1824F12B591EE0000F52DE /* AppDelegate.swift */; };
		7C1824F42B591EE0000F52DE /* SceneDelegate.swift in Sources */ = {isa = PBXBuildFile; fileRef = 7C1824F32B591EE0000F52DE /* SceneDelegate.swift */; };
		7C1824F62B591EE0000F52DE /* TodoViewController.swift in Sources */ = {isa = PBXBuildFile; fileRef = 7C1824F52B591EE0000F52DE /* TodoViewController.swift */; };
		7C1824FB2B591EE2000F52DE /* Assets.xcassets in Resources */ = {isa = PBXBuildFile; fileRef = 7C1824FA2B591EE2000F52DE /* Assets.xcassets */; };
		7C1824FE2B591EE2000F52DE /* LaunchScreen.storyboard in Resources */ = {isa = PBXBuildFile; fileRef = 7C1824FC2B591EE2000F52DE /* LaunchScreen.storyboard */; };
		7C18250A2B591FF1000F52DE /* TodoItem.swift in Sources */ = {isa = PBXBuildFile; fileRef = 7C1825092B591FF1000F52DE /* TodoItem.swift */; };
		7C18250C2B592090000F52DE /* Todo.swift in Sources */ = {isa = PBXBuildFile; fileRef = 7C18250B2B592090000F52DE /* Todo.swift */; };
		7C18250E2B592BA3000F52DE /* TodoCell.swift in Sources */ = {isa = PBXBuildFile; fileRef = 7C18250D2B592BA3000F52DE /* TodoCell.swift */; };
/* End PBXBuildFile section */

/* Begin PBXFileReference section */
		7C1824EE2B591EE0000F52DE /* JayDo.app */ = {isa = PBXFileReference; explicitFileType = wrapper.application; includeInIndex = 0; path = JayDo.app; sourceTree = BUILT_PRODUCTS_DIR; };
		7C1824F12B591EE0000F52DE /* AppDelegate.swift */ = {isa = PBXFileReference; lastKnownFileType = sourcecode.swift; path = AppDelegate.swift; sourceTree = "<group>"; };
		7C1824F32B591EE0000F52DE /* SceneDelegate.swift */ = {isa = PBXFileReference; lastKnownFileType = sourcecode.swift; path = SceneDelegate.swift; sourceTree = "<group>"; };
		7C1824F52B591EE0000F52DE /* TodoViewController.swift */ = {isa = PBXFileReference; lastKnownFileType = sourcecode.swift; path = TodoViewController.swift; sourceTree = "<group>"; };
		7C1824FA2B591EE2000F52DE /* Assets.xcassets */ = {isa = PBXFileReference; lastKnownFileType = folder.assetcatalog; path = Assets.xcassets; sourceTree = "<group>"; };
		7C1824FD2B591EE2000F52DE /* Base */ = {isa = PBXFileReference; lastKnownFileType = file.storyboard; name = Base; path = Base.lproj/LaunchScreen.storyboard; sourceTree = "<group>"; };
		7C1824FF2B591EE2000F52DE /* Info.plist */ = {isa = PBXFileReference; lastKnownFileType = text.plist.xml; path = Info.plist; sourceTree = "<group>"; };
		7C1825092B591FF1000F52DE /* TodoItem.swift */ = {isa = PBXFileReference; lastKnownFileType = sourcecode.swift; path = TodoItem.swift; sourceTree = "<group>"; };
		7C18250B2B592090000F52DE /* Todo.swift */ = {isa = PBXFileReference; lastKnownFileType = sourcecode.swift; path = Todo.swift; sourceTree = "<group>"; };
		7C18250D2B592BA3000F52DE /* TodoCell.swift */ = {isa = PBXFileReference; lastKnownFileType = sourcecode.swift; path = TodoCell.swift; sourceTree = "<group>"; };
/* End PBXFileReference section */

/* Begin PBXFrameworksBuildPhase section */
		7C1824EB2B591EE0000F52DE /* Frameworks */ = {
			isa = PBXFrameworksBuildPhase;
			buildActionMask = 2147483647;
			files = (
			);
			runOnlyForDeploymentPostprocessing = 0;
		};
/* End PBXFrameworksBuildPhase section */

/* Begin PBXGroup section */
		7C1824E52B591EE0000F52DE = {
			isa = PBXGroup;
			children = (
				7C1824F02B591EE0000F52DE /* JayDo */,
				7C1824EF2B591EE0000F52DE /* Products */,
			);
			sourceTree = "<group>";
		};
		7C1824EF2B591EE0000F52DE /* Products */ = {
			isa = PBXGroup;
			children = (
				7C1824EE2B591EE0000F52DE /* JayDo.app */,
			);
			name = Products;
			sourceTree = "<group>";
		};
		7C1824F02B591EE0000F52DE /* JayDo */ = {
			isa = PBXGroup;
			children = (
				7C1824FF2B591EE2000F52DE /* Info.plist */,
				7C1825082B591F8C000F52DE /* Resources */,
				7C1825072B591F85000F52DE /* ViewControllers */,
				7C1825062B591F7C000F52DE /* Views */,
				7C1825052B591F71000F52DE /* Models */,
			);
			path = JayDo;
			sourceTree = "<group>";
		};
		7C1825052B591F71000F52DE /* Models */ = {
			isa = PBXGroup;
			children = (
				7C1825092B591FF1000F52DE /* TodoItem.swift */,
				7C18250B2B592090000F52DE /* Todo.swift */,
			);
			path = Models;
			sourceTree = "<group>";
		};
		7C1825062B591F7C000F52DE /* Views */ = {
			isa = PBXGroup;
			children = (
				7C18250D2B592BA3000F52DE /* TodoCell.swift */,
			);
			path = Views;
			sourceTree = "<group>";
		};
		7C1825072B591F85000F52DE /* ViewControllers */ = {
			isa = PBXGroup;
			children = (
				7C1824F52B591EE0000F52DE /* TodoViewController.swift */,
			);
			path = ViewControllers;
			sourceTree = "<group>";
		};
		7C1825082B591F8C000F52DE /* Resources */ = {
			isa = PBXGroup;
			children = (
				7C1824FA2B591EE2000F52DE /* Assets.xcassets */,
				7C1824FC2B591EE2000F52DE /* LaunchScreen.storyboard */,
				7C1824F12B591EE0000F52DE /* AppDelegate.swift */,
				7C1824F32B591EE0000F52DE /* SceneDelegate.swift */,
			);
			path = Resources;
			sourceTree = "<group>";
		};
/* End PBXGroup section */

/* Begin PBXNativeTarget section */
		7C1824ED2B591EE0000F52DE /* JayDo */ = {
			isa = PBXNativeTarget;
			buildConfigurationList = 7C1825022B591EE2000F52DE /* Build configuration list for PBXNativeTarget "JayDo" */;
			buildPhases = (
				7C1824EA2B591EE0000F52DE /* Sources */,
				7C1824EB2B591EE0000F52DE /* Frameworks */,
				7C1824EC2B591EE0000F52DE /* Resources */,
			);
			buildRules = (
			);
			dependencies = (
			);
			name = JayDo;
			productName = JayDo;
			productReference = 7C1824EE2B591EE0000F52DE /* JayDo.app */;
			productType = "com.apple.product-type.application";
		};
/* End PBXNativeTarget section */

/* Begin PBXProject section */
		7C1824E62B591EE0000F52DE /* Project object */ = {
			isa = PBXProject;
			attributes = {
				BuildIndependentTargetsInParallel = 1;
				LastSwiftUpdateCheck = 1510;
				LastUpgradeCheck = 1510;
				TargetAttributes = {
					7C1824ED2B591EE0000F52DE = {
						CreatedOnToolsVersion = 15.1;
					};
				};
			};
			buildConfigurationList = 7C1824E92B591EE0000F52DE /* Build configuration list for PBXProject "JayDo" */;
			compatibilityVersion = "Xcode 14.0";
			developmentRegion = en;
			hasScannedForEncodings = 0;
			knownRegions = (
				en,
				Base,
			);
			mainGroup = 7C1824E52B591EE0000F52DE;
			productRefGroup = 7C1824EF2B591EE0000F52DE /* Products */;
			projectDirPath = "";
			projectRoot = "";
			targets = (
				7C1824ED2B591EE0000F52DE /* JayDo */,
			);
		};
/* End PBXProject section */

/* Begin PBXResourcesBuildPhase section */
		7C1824EC2B591EE0000F52DE /* Resources */ = {
			isa = PBXResourcesBuildPhase;
			buildActionMask = 2147483647;
			files = (
				7C1824FE2B591EE2000F52DE /* LaunchScreen.storyboard in Resources */,
				7C1824FB2B591EE2000F52DE /* Assets.xcassets in Resources */,
			);
			runOnlyForDeploymentPostprocessing = 0;
		};
/* End PBXResourcesBuildPhase section */

/* Begin PBXSourcesBuildPhase section */
		7C1824EA2B591EE0000F52DE /* Sources */ = {
			isa = PBXSourcesBuildPhase;
			buildActionMask = 2147483647;
			files = (
				7C1824F62B591EE0000F52DE /* TodoViewController.swift in Sources */,
				7C18250E2B592BA3000F52DE /* TodoCell.swift in Sources */,
				7C1824F22B591EE0000F52DE /* AppDelegate.swift in Sources */,
				7C18250A2B591FF1000F52DE /* TodoItem.swift in Sources */,
				7C1824F42B591EE0000F52DE /* SceneDelegate.swift in Sources */,
				7C18250C2B592090000F52DE /* Todo.swift in Sources */,
			);
			runOnlyForDeploymentPostprocessing = 0;
		};
/* End PBXSourcesBuildPhase section */

/* Begin PBXVariantGroup section */
		7C1824FC2B591EE2000F52DE /* LaunchScreen.storyboard */ = {
			isa = PBXVariantGroup;
			children = (
				7C1824FD2B591EE2000F52DE /* Base */,
			);
			name = LaunchScreen.storyboard;
			sourceTree = "<group>";
		};
/* End PBXVariantGroup section */

/* Begin XCBuildConfiguration section */
		7C1825002B591EE2000F52DE /* Debug */ = {
			isa = XCBuildConfiguration;
			buildSettings = {
				ALWAYS_SEARCH_USER_PATHS = NO;
				ASSETCATALOG_COMPILER_GENERATE_SWIFT_ASSET_SYMBOL_EXTENSIONS = YES;
				CLANG_ANALYZER_NONNULL = YES;
				CLANG_ANALYZER_NUMBER_OBJECT_CONVERSION = YES_AGGRESSIVE;
				CLANG_CXX_LANGUAGE_STANDARD = "gnu++20";
				CLANG_ENABLE_MODULES = YES;
				CLANG_ENABLE_OBJC_ARC = YES;
				CLANG_ENABLE_OBJC_WEAK = YES;
				CLANG_WARN_BLOCK_CAPTURE_AUTORELEASING = YES;
				CLANG_WARN_BOOL_CONVERSION = YES;
				CLANG_WARN_COMMA = YES;
				CLANG_WARN_CONSTANT_CONVERSION = YES;
				CLANG_WARN_DEPRECATED_OBJC_IMPLEMENTATIONS = YES;
				CLANG_WARN_DIRECT_OBJC_ISA_USAGE = YES_ERROR;
				CLANG_WARN_DOCUMENTATION_COMMENTS = YES;
				CLANG_WARN_EMPTY_BODY = YES;
				CLANG_WARN_ENUM_CONVERSION = YES;
				CLANG_WARN_INFINITE_RECURSION = YES;
				CLANG_WARN_INT_CONVERSION = YES;
				CLANG_WARN_NON_LITERAL_NULL_CONVERSION = YES;
				CLANG_WARN_OBJC_IMPLICIT_RETAIN_SELF = YES;
				CLANG_WARN_OBJC_LITERAL_CONVERSION = YES;
				CLANG_WARN_OBJC_ROOT_CLASS = YES_ERROR;
				CLANG_WARN_QUOTED_INCLUDE_IN_FRAMEWORK_HEADER = YES;
				CLANG_WARN_RANGE_LOOP_ANALYSIS = YES;
				CLANG_WARN_STRICT_PROTOTYPES = YES;
				CLANG_WARN_SUSPICIOUS_MOVE = YES;
				CLANG_WARN_UNGUARDED_AVAILABILITY = YES_AGGRESSIVE;
				CLANG_WARN_UNREACHABLE_CODE = YES;
				CLANG_WARN__DUPLICATE_METHOD_MATCH = YES;
				COPY_PHASE_STRIP = NO;
				DEBUG_INFORMATION_FORMAT = dwarf;
				ENABLE_STRICT_OBJC_MSGSEND = YES;
				ENABLE_TESTABILITY = YES;
				ENABLE_USER_SCRIPT_SANDBOXING = YES;
				GCC_C_LANGUAGE_STANDARD = gnu17;
				GCC_DYNAMIC_NO_PIC = NO;
				GCC_NO_COMMON_BLOCKS = YES;
				GCC_OPTIMIZATION_LEVEL = 0;
				GCC_PREPROCESSOR_DEFINITIONS = (
					"DEBUG=1",
					"$(inherited)",
				);
				GCC_WARN_64_TO_32_BIT_CONVERSION = YES;
				GCC_WARN_ABOUT_RETURN_TYPE = YES_ERROR;
				GCC_WARN_UNDECLARED_SELECTOR = YES;
				GCC_WARN_UNINITIALIZED_AUTOS = YES_AGGRESSIVE;
				GCC_WARN_UNUSED_FUNCTION = YES;
				GCC_WARN_UNUSED_VARIABLE = YES;
				IPHONEOS_DEPLOYMENT_TARGET = 17.2;
				LOCALIZATION_PREFERS_STRING_CATALOGS = YES;
				MTL_ENABLE_DEBUG_INFO = INCLUDE_SOURCE;
				MTL_FAST_MATH = YES;
				ONLY_ACTIVE_ARCH = YES;
				SDKROOT = iphoneos;
				SWIFT_ACTIVE_COMPILATION_CONDITIONS = "DEBUG $(inherited)";
				SWIFT_OPTIMIZATION_LEVEL = "-Onone";
			};
			name = Debug;
		};
		7C1825012B591EE2000F52DE /* Release */ = {
			isa = XCBuildConfiguration;
			buildSettings = {
				ALWAYS_SEARCH_USER_PATHS = NO;
				ASSETCATALOG_COMPILER_GENERATE_SWIFT_ASSET_SYMBOL_EXTENSIONS = YES;
				CLANG_ANALYZER_NONNULL = YES;
				CLANG_ANALYZER_NUMBER_OBJECT_CONVERSION = YES_AGGRESSIVE;
				CLANG_CXX_LANGUAGE_STANDARD = "gnu++20";
				CLANG_ENABLE_MODULES = YES;
				CLANG_ENABLE_OBJC_ARC = YES;
				CLANG_ENABLE_OBJC_WEAK = YES;
				CLANG_WARN_BLOCK_CAPTURE_AUTORELEASING = YES;
				CLANG_WARN_BOOL_CONVERSION = YES;
				CLANG_WARN_COMMA = YES;
				CLANG_WARN_CONSTANT_CONVERSION = YES;
				CLANG_WARN_DEPRECATED_OBJC_IMPLEMENTATIONS = YES;
				CLANG_WARN_DIRECT_OBJC_ISA_USAGE = YES_ERROR;
				CLANG_WARN_DOCUMENTATION_COMMENTS = YES;
				CLANG_WARN_EMPTY_BODY = YES;
				CLANG_WARN_ENUM_CONVERSION = YES;
				CLANG_WARN_INFINITE_RECURSION = YES;
				CLANG_WARN_INT_CONVERSION = YES;
				CLANG_WARN_NON_LITERAL_NULL_CONVERSION = YES;
				CLANG_WARN_OBJC_IMPLICIT_RETAIN_SELF = YES;
				CLANG_WARN_OBJC_LITERAL_CONVERSION = YES;
				CLANG_WARN_OBJC_ROOT_CLASS = YES_ERROR;
				CLANG_WARN_QUOTED_INCLUDE_IN_FRAMEWORK_HEADER = YES;
				CLANG_WARN_RANGE_LOOP_ANALYSIS = YES;
				CLANG_WARN_STRICT_PROTOTYPES = YES;
				CLANG_WARN_SUSPICIOUS_MOVE = YES;
				CLANG_WARN_UNGUARDED_AVAILABILITY = YES_AGGRESSIVE;
				CLANG_WARN_UNREACHABLE_CODE = YES;
				CLANG_WARN__DUPLICATE_METHOD_MATCH = YES;
				COPY_PHASE_STRIP = NO;
				DEBUG_INFORMATION_FORMAT = "dwarf-with-dsym";
				ENABLE_NS_ASSERTIONS = NO;
				ENABLE_STRICT_OBJC_MSGSEND = YES;
				ENABLE_USER_SCRIPT_SANDBOXING = YES;
				GCC_C_LANGUAGE_STANDARD = gnu17;
				GCC_NO_COMMON_BLOCKS = YES;
				GCC_WARN_64_TO_32_BIT_CONVERSION = YES;
				GCC_WARN_ABOUT_RETURN_TYPE = YES_ERROR;
				GCC_WARN_UNDECLARED_SELECTOR = YES;
				GCC_WARN_UNINITIALIZED_AUTOS = YES_AGGRESSIVE;
				GCC_WARN_UNUSED_FUNCTION = YES;
				GCC_WARN_UNUSED_VARIABLE = YES;
				IPHONEOS_DEPLOYMENT_TARGET = 17.2;
				LOCALIZATION_PREFERS_STRING_CATALOGS = YES;
				MTL_ENABLE_DEBUG_INFO = NO;
				MTL_FAST_MATH = YES;
				SDKROOT = iphoneos;
				SWIFT_COMPILATION_MODE = wholemodule;
				VALIDATE_PRODUCT = YES;
			};
			name = Release;
		};
		7C1825032B591EE2000F52DE /* Debug */ = {
			isa = XCBuildConfiguration;
			buildSettings = {
				ASSETCATALOG_COMPILER_APPICON_NAME = AppIcon;
				ASSETCATALOG_COMPILER_GLOBAL_ACCENT_COLOR_NAME = AccentColor;
				CODE_SIGN_STYLE = Automatic;
				CURRENT_PROJECT_VERSION = 1;
				DEVELOPMENT_TEAM = V7BZ8Y4NXQ;
				GENERATE_INFOPLIST_FILE = YES;
				INFOPLIST_FILE = JayDo/Info.plist;
				INFOPLIST_KEY_CFBundleDisplayName = JayDo;
				INFOPLIST_KEY_LSApplicationCategoryType = "public.app-category.utilities";
				INFOPLIST_KEY_UIApplicationSupportsIndirectInputEvents = YES;
				INFOPLIST_KEY_UILaunchStoryboardName = LaunchScreen;
				INFOPLIST_KEY_UIMainStoryboardFile = "";
				INFOPLIST_KEY_UISupportedInterfaceOrientations_iPad = "UIInterfaceOrientationPortrait UIInterfaceOrientationPortraitUpsideDown UIInterfaceOrientationLandscapeLeft UIInterfaceOrientationLandscapeRight";
				INFOPLIST_KEY_UISupportedInterfaceOrientations_iPhone = "UIInterfaceOrientationPortrait UIInterfaceOrientationLandscapeLeft UIInterfaceOrientationLandscapeRight";
				IPHONEOS_DEPLOYMENT_TARGET = 14.0;
				LD_RUNPATH_SEARCH_PATHS = (
					"$(inherited)",
					"@executable_path/Frameworks",
				);
				MARKETING_VERSION = 1.0;
				PRODUCT_BUNDLE_IDENTIFIER = com.jamiujimoh.JayDo;
				PRODUCT_NAME = "$(TARGET_NAME)";
				SWIFT_EMIT_LOC_STRINGS = YES;
				SWIFT_VERSION = 5.0;
				TARGETED_DEVICE_FAMILY = "1,2";
			};
			name = Debug;
		};
		7C1825042B591EE2000F52DE /* Release */ = {
			isa = XCBuildConfiguration;
			buildSettings = {
				ASSETCATALOG_COMPILER_APPICON_NAME = AppIcon;
				ASSETCATALOG_COMPILER_GLOBAL_ACCENT_COLOR_NAME = AccentColor;
				CODE_SIGN_STYLE = Automatic;
				CURRENT_PROJECT_VERSION = 1;
				DEVELOPMENT_TEAM = V7BZ8Y4NXQ;
				GENERATE_INFOPLIST_FILE = YES;
				INFOPLIST_FILE = JayDo/Info.plist;
				INFOPLIST_KEY_CFBundleDisplayName = JayDo;
				INFOPLIST_KEY_LSApplicationCategoryType = "public.app-category.utilities";
				INFOPLIST_KEY_UIApplicationSupportsIndirectInputEvents = YES;
				INFOPLIST_KEY_UILaunchStoryboardName = LaunchScreen;
				INFOPLIST_KEY_UIMainStoryboardFile = "";
				INFOPLIST_KEY_UISupportedInterfaceOrientations_iPad = "UIInterfaceOrientationPortrait UIInterfaceOrientationPortraitUpsideDown UIInterfaceOrientationLandscapeLeft UIInterfaceOrientationLandscapeRight";
				INFOPLIST_KEY_UISupportedInterfaceOrientations_iPhone = "UIInterfaceOrientationPortrait UIInterfaceOrientationLandscapeLeft UIInterfaceOrientationLandscapeRight";
				IPHONEOS_DEPLOYMENT_TARGET = 14.0;
				LD_RUNPATH_SEARCH_PATHS = (
					"$(inherited)",
					"@executable_path/Frameworks",
				);
				MARKETING_VERSION = 1.0;
				PRODUCT_BUNDLE_IDENTIFIER = com.jamiujimoh.JayDo;
				PRODUCT_NAME = "$(TARGET_NAME)";
				SWIFT_EMIT_LOC_STRINGS = YES;
				SWIFT_VERSION = 5.0;
				TARGETED_DEVICE_FAMILY = "1,2";
			};
			name = Release;
		};
/* End XCBuildConfiguration section */

/* Begin XCConfigurationList section */
		7C1824E92B591EE0000F52DE /* Build configuration list for PBXProject "JayDo" */ = {
			isa = XCConfigurationList;
			buildConfigurations = (
				7C1825002B591EE2000F52DE /* Debug */,
				7C1825012B591EE2000F52DE /* Release */,
			);
			defaultConfigurationIsVisible = 0;
			defaultConfigurationName = Release;
		};
		7C1825022B591EE2000F52DE /* Build configuration list for PBXNativeTarget "JayDo" */ = {
			isa = XCConfigurationList;
			buildConfigurations = (
				7C1825032B591EE2000F52DE /* Debug */,
				7C1825042B591EE2000F52DE /* Release */,
			);
			defaultConfigurationIsVisible = 0;
			defaultConfigurationName = Release;
		};
/* End XCConfigurationList section */
	};
	rootObject = 7C1824E62B591EE0000F52DE /* Project object */;
}
